{
  "name": "final-project--intro-to-internet-programming--cs-275--fall-2022",
  "version": "1.0.0",
  "lockfileVersion": 2,
  "requires": true,
  "packages": {
    "": {
      "name": "final-project--intro-to-internet-programming--cs-275--fall-2022",
      "version": "1.0.0",
      "license": "ISC"
    }
  }
}
